
Microsoft Visual Studio Solution File, Format Version 12.00
# Visual Studio Version 16
VisualStudioVersion = 16.0.30907.101
MinimumVisualStudioVersion = 10.0.40219.1
Project("{FAE04EC0-301F-11D3-BF4B-00C04F79EFBC}") = "ElevenNote.WebAPI", "ElevenNote.WebAPI\ElevenNote.WebAPI.csproj", "{2A23F7D8-6AEE-4241-80B2-ACDC56183F48}"
EndProject
Project("{FAE04EC0-301F-11D3-BF4B-00C04F79EFBC}") = "ElevenNote.Data", "ElevenNote.Data\ElevenNote.Data.csproj", "{4C710E8C-35D7-4A3E-B468-6171DFB77029}"
EndProject
Project("{FAE04EC0-301F-11D3-BF4B-00C04F79EFBC}") = "ElevenNote.Models", "ElevenNote.Models\ElevenNote.Models.csproj", "{39B9BF2C-3D92-46D7-93D4-D7DBC3B3EDE1}"
EndProject
Project("{FAE04EC0-301F-11D3-BF4B-00C04F79EFBC}") = "ElevenNote.Services", "ElevenNote.Services\ElevenNote.Services.csproj", "{C03BFF97-CFD6-4472-9BEF-C9E5DBD20AB5}"
EndProject
Global
	GlobalSection(SolutionConfigurationPlatforms) = preSolution
		Debug|Any CPU = Debug|Any CPU
		Release|Any CPU = Release|Any CPU
	EndGlobalSection
	GlobalSection(ProjectConfigurationPlatforms) = postSolution
		{2A23F7D8-6AEE-4241-80B2-ACDC56183F48}.Debug|Any CPU.ActiveCfg = Debug|Any CPU
		{2A23F7D8-6AEE-4241-80B2-ACDC56183F48}.Debug|Any CPU.Build.0 = Debug|Any CPU
		{2A23F7D8-6AEE-4241-80B2-ACDC56183F48}.Release|Any CPU.ActiveCfg = Release|Any CPU
		{2A23F7D8-6AEE-4241-80B2-ACDC56183F48}.Release|Any CPU.Build.0 = Release|Any CPU
		{4C710E8C-35D7-4A3E-B468-6171DFB77029}.Debug|Any CPU.ActiveCfg = Debug|Any CPU
		{4C710E8C-35D7-4A3E-B468-6171DFB77029}.Debug|Any CPU.Build.0 = Debug|Any CPU
		{4C710E8C-35D7-4A3E-B468-6171DFB77029}.Release|Any CPU.ActiveCfg = Release|Any CPU
		{4C710E8C-35D7-4A3E-B468-6171DFB77029}.Release|Any CPU.Build.0 = Release|Any CPU
		{39B9BF2C-3D92-46D7-93D4-D7DBC3B3EDE1}.Debug|Any CPU.ActiveCfg = Debug|Any CPU
		{39B9BF2C-3D92-46D7-93D4-D7DBC3B3EDE1}.Debug|Any CPU.Build.0 = Debug|Any CPU
		{39B9BF2C-3D92-46D7-93D4-D7DBC3B3EDE1}.Release|Any CPU.ActiveCfg = Release|Any CPU
		{39B9BF2C-3D92-46D7-93D4-D7DBC3B3EDE1}.Release|Any CPU.Build.0 = Release|Any CPU
		{C03BFF97-CFD6-4472-9BEF-C9E5DBD20AB5}.Debug|Any CPU.ActiveCfg = Debug|Any CPU
		{C03BFF97-CFD6-4472-9BEF-C9E5DBD20AB5}.Debug|Any CPU.Build.0 = Debug|Any CPU
		{C03BFF97-CFD6-4472-9BEF-C9E5DBD20AB5}.Release|Any CPU.ActiveCfg = Release|Any CPU
		{C03BFF97-CFD6-4472-9BEF-C9E5DBD20AB5}.Release|Any CPU.Build.0 = Release|Any CPU
	EndGlobalSection
	GlobalSection(SolutionProperties) = preSolution
		HideSolutionNode = FALSE
	EndGlobalSection
	GlobalSection(ExtensibilityGlobals) = postSolution
		SolutionGuid = {F877E745-BB49-406C-8AF7-ABA67C97E0E6}
	EndGlobalSection
EndGlobal
